
Microsoft Visual Studio Solution File, Format Version 12.00
# Visual Studio Version 16
VisualStudioVersion = 16.0.29509.3
MinimumVisualStudioVersion = 10.0.40219.1
Project("{9A19103F-16F7-4668-BE54-9A1E7A4F7556}") = "CoinmarketcapClient", "CoinmarketcapClient\CoinmarketcapClient.csproj", "{A7060A69-55B4-42CB-A494-FBD592C57FA6}"
EndProject
Project("{FAE04EC0-301F-11D3-BF4B-00C04F79EFBC}") = "CoinmarketcapClient.Test", "CoinmarketcapClient.Test\CoinmarketcapClient.Test.csproj", "{642C832C-80E5-40EB-B2C1-B644B100AC3F}"
EndProject
Global
	GlobalSection(SolutionConfigurationPlatforms) = preSolution
		Debug|Any CPU = Debug|Any CPU
		Release|Any CPU = Release|Any CPU
	EndGlobalSection
	GlobalSection(ProjectConfigurationPlatforms) = postSolution
		{A7060A69-55B4-42CB-A494-FBD592C57FA6}.Debug|Any CPU.ActiveCfg = Debug|Any CPU
		{A7060A69-55B4-42CB-A494-FBD592C57FA6}.Debug|Any CPU.Build.0 = Debug|Any CPU
		{A7060A69-55B4-42CB-A494-FBD592C57FA6}.Release|Any CPU.ActiveCfg = Release|Any CPU
		{A7060A69-55B4-42CB-A494-FBD592C57FA6}.Release|Any CPU.Build.0 = Release|Any CPU
		{642C832C-80E5-40EB-B2C1-B644B100AC3F}.Debug|Any CPU.ActiveCfg = Debug|Any CPU
		{642C832C-80E5-40EB-B2C1-B644B100AC3F}.Debug|Any CPU.Build.0 = Debug|Any CPU
		{642C832C-80E5-40EB-B2C1-B644B100AC3F}.Release|Any CPU.ActiveCfg = Release|Any CPU
		{642C832C-80E5-40EB-B2C1-B644B100AC3F}.Release|Any CPU.Build.0 = Release|Any CPU
	EndGlobalSection
	GlobalSection(SolutionProperties) = preSolution
		HideSolutionNode = FALSE
	EndGlobalSection
	GlobalSection(ExtensibilityGlobals) = postSolution
		SolutionGuid = {D2F655B6-0BFF-4C0A-B177-8F39B318F976}
	EndGlobalSection
EndGlobal
